
Microsoft Visual Studio Solution File, Format Version 12.00
# Visual Studio Version 17
VisualStudioVersion = 17.7.34202.233
MinimumVisualStudioVersion = 10.0.40219.1
Project("{FAE04EC0-301F-11D3-BF4B-00C04F79EFBC}") = "DiceGame", "DiceGame.csproj", "{E69CE7A3-D62F-4F22-9C47-C80D1E95BAE0}"
EndProject
Global
	GlobalSection(SolutionConfigurationPlatforms) = preSolution
		Debug|Any CPU = Debug|Any CPU
		Release|Any CPU = Release|Any CPU
	EndGlobalSection
	GlobalSection(ProjectConfigurationPlatforms) = postSolution
		{E69CE7A3-D62F-4F22-9C47-C80D1E95BAE0}.Debug|Any CPU.ActiveCfg = Debug|Any CPU
		{E69CE7A3-D62F-4F22-9C47-C80D1E95BAE0}.Debug|Any CPU.Build.0 = Debug|Any CPU
		{E69CE7A3-D62F-4F22-9C47-C80D1E95BAE0}.Release|Any CPU.ActiveCfg = Release|Any CPU
		{E69CE7A3-D62F-4F22-9C47-C80D1E95BAE0}.Release|Any CPU.Build.0 = Release|Any CPU
	EndGlobalSection
	GlobalSection(SolutionProperties) = preSolution
		HideSolutionNode = FALSE
	EndGlobalSection
	GlobalSection(ExtensibilityGlobals) = postSolution
		SolutionGuid = {CBF6AEB3-5E1E-427C-A518-F156C5C0B79A}
	EndGlobalSection
EndGlobal
