
Microsoft Visual Studio Solution File, Format Version 12.00
# Visual Studio Version 17
VisualStudioVersion = 17.7.34202.233
MinimumVisualStudioVersion = 10.0.40219.1
Project("{FAE04EC0-301F-11D3-BF4B-00C04F79EFBC}") = "Guessing Game", "Guessing Game.csproj", "{0288F44D-67A5-406A-9B9B-47DCFB7EDF4D}"
EndProject
Global
	GlobalSection(SolutionConfigurationPlatforms) = preSolution
		Debug|Any CPU = Debug|Any CPU
		Release|Any CPU = Release|Any CPU
	EndGlobalSection
	GlobalSection(ProjectConfigurationPlatforms) = postSolution
		{0288F44D-67A5-406A-9B9B-47DCFB7EDF4D}.Debug|Any CPU.ActiveCfg = Debug|Any CPU
		{0288F44D-67A5-406A-9B9B-47DCFB7EDF4D}.Debug|Any CPU.Build.0 = Debug|Any CPU
		{0288F44D-67A5-406A-9B9B-47DCFB7EDF4D}.Release|Any CPU.ActiveCfg = Release|Any CPU
		{0288F44D-67A5-406A-9B9B-47DCFB7EDF4D}.Release|Any CPU.Build.0 = Release|Any CPU
	EndGlobalSection
	GlobalSection(SolutionProperties) = preSolution
		HideSolutionNode = FALSE
	EndGlobalSection
	GlobalSection(ExtensibilityGlobals) = postSolution
		SolutionGuid = {6C471F47-4261-4EFB-A727-31A3F83941A9}
	EndGlobalSection
EndGlobal
